{
  "name": "with-typescript",
  "version": "1.0.0",
  "lockfileVersion": 1,
  "requires": true,
  "dependencies": {
    "@babel/runtime": {
      "version": "7.11.2",
      "resolved": "https://registry.npmjs.org/@babel/runtime/-/runtime-7.11.2.tgz",
      "integrity": "sha512-TeWkU52so0mPtDcaCTxNBI/IHiz0pZgr8VEFqXFtZWpYD08ZB6FaSwVAS8MKRQAP3bYKiVjwysOJgMFY28o6Tw==",
      "requires": {
        "regenerator-runtime": "^0.13.4"
      }
    },
    "@next/env": {
      "version": "12.1.1",
      "resolved": "https://registry.npmjs.org/@next/env/-/env-12.1.1.tgz",
      "integrity": "sha512-VmTRkfo/IXOQCATndjW3OjKb8zmAuB07eDdzO9XvuXZP87SyvnCYw3jrhUuFhOe/FVsKiloafa5LJfToUpvjUQ=="
    },
    "@next/swc-android-arm-eabi": {
      "version": "12.1.1",
      "resolved": "https://registry.npmjs.org/@next/swc-android-arm-eabi/-/swc-android-arm-eabi-12.1.1.tgz",
      "integrity": "sha512-phV9H6d1eK1oVC7nmKKcCXvgOWT4K7aLC/beyO6yvbFC4XtBLE21vPwVl7B4ybz5xjSa6TXoR3TMR6vkW6Mv+A==",
      "optional": true
    },
    "@next/swc-android-arm64": {
      "version": "12.1.1",
      "resolved": "https://registry.npmjs.org/@next/swc-android-arm64/-/swc-android-arm64-12.1.1.tgz",
      "integrity": "sha512-X5qEz0YeeYT0Gz2wXPAEtRKEuAsLUIEgC/DDfS98t/5Idjv0S4aqIX+TQdzoXP5bwQkIr+mSg+MBIdLtbtnCsA==",
      "optional": true
    },
    "@next/swc-darwin-arm64": {
      "version": "12.1.1",
      "resolved": "https://registry.npmjs.org/@next/swc-darwin-arm64/-/swc-darwin-arm64-12.1.1.tgz",
      "integrity": "sha512-bKKSNaTdnO3XPnfaR4NSpPcbs80fdbtOYC2lgtqLzA0bOMioupixMP5GrA/gfJHwh7GRH+A+sbgKQWsqSsYAqQ==",
      "optional": true
    },
    "@next/swc-darwin-x64": {
      "version": "12.1.1",
      "resolved": "https://registry.npmjs.org/@next/swc-darwin-x64/-/swc-darwin-x64-12.1.1.tgz",
      "integrity": "sha512-2VOsA6WLDuDBA6935djohWGGeUIKeQhXwDwu1CKx1b8+6YMMIvFr/y2dpPWoct+5/IjFz84a2MnbABwpoNB9YA==",
      "optional": true
    },
    "@next/swc-linux-arm-gnueabihf": {
      "version": "12.1.1",
      "resolved": "https://registry.npmjs.org/@next/swc-linux-arm-gnueabihf/-/swc-linux-arm-gnueabihf-12.1.1.tgz",
      "integrity": "sha512-1urXtWwqjqbbpJBWeJYz5ATgelKacVNdKIdhfahbsmW+DZGoK5TYovgieyHFYUCyHdTuKeLTVR62ahIRUBv1YA==",
      "optional": true
    },
    "@next/swc-linux-arm64-gnu": {
      "version": "12.1.1",
      "resolved": "https://registry.npmjs.org/@next/swc-linux-arm64-gnu/-/swc-linux-arm64-gnu-12.1.1.tgz",
      "integrity": "sha512-CDD9yFuknDvTOzzDnvfmb58USI5Vu6FUyzw96udKj7KA/n1YrNQ4K8X7KsDCRZoqfRWYceAyj1EpwHkfdiB7bg==",
      "optional": true
    },
    "@next/swc-linux-arm64-musl": {
      "version": "12.1.1",
      "resolved": "https://registry.npmjs.org/@next/swc-linux-arm64-musl/-/swc-linux-arm64-musl-12.1.1.tgz",
      "integrity": "sha512-nxyjgmbOpZm7gGPj9EV5Cqosoujt+ih/8SO2XG+BetgfAk0+c15793DHVAljNuc8GF9wpzqQnjMMUZ211VmQsg==",
      "optional": true
    },
    "@next/swc-linux-x64-gnu": {
      "version": "12.1.1",
      "resolved": "https://registry.npmjs.org/@next/swc-linux-x64-gnu/-/swc-linux-x64-gnu-12.1.1.tgz",
      "integrity": "sha512-L8Cu8kH3Vn2dnRpvcvGGA1TlmDP2WXJ+qDwvjb/ikDXLdRdmFvJwHh45JUGiW2FHed3lGseOgNsuYiDvnT8Cdw==",
      "optional": true
    },
    "@next/swc-linux-x64-musl": {
      "version": "12.1.1",
      "resolved": "https://registry.npmjs.org/@next/swc-linux-x64-musl/-/swc-linux-x64-musl-12.1.1.tgz",
      "integrity": "sha512-4RAb7L69MoRSggBqUfF3OrtBCUN2zPDi7asfL7bfxEhH10LGzyfil8dT0GVjPOPFz/SyLx3ORd6avGij2IlJUA==",
      "optional": true
    },
    "@next/swc-win32-arm64-msvc": {
      "version": "12.1.1",
      "resolved": "https://registry.npmjs.org/@next/swc-win32-arm64-msvc/-/swc-win32-arm64-msvc-12.1.1.tgz",
      "integrity": "sha512-zvkuNIgOxkAU3RbzWRGCcFasDxWJdhONt2YeRGe39dJERHhEFA1u4HgaZw/SFE/kfrNRUZbXjJNAg3OU/EpPZw==",
      "optional": true
    },
    "@next/swc-win32-ia32-msvc": {
      "version": "12.1.1",
      "resolved": "https://registry.npmjs.org/@next/swc-win32-ia32-msvc/-/swc-win32-ia32-msvc-12.1.1.tgz",
      "integrity": "sha512-GsNDtZ//uKWNVjiwv3YKQYsDXuRWTz8jTmxopf5Ws3dK+zA77hn4o46LBQg0JPCNqTUO6eIOlUBjqSL6ejxmSQ==",
      "optional": true
    },
    "@next/swc-win32-x64-msvc": {
      "version": "12.1.1",
      "resolved": "https://registry.npmjs.org/@next/swc-win32-x64-msvc/-/swc-win32-x64-msvc-12.1.1.tgz",
      "integrity": "sha512-nH5osn/uK9wsjT8Jh1YxMtRrkN5hoCNLQjsEdvfUfb+loQXeYiBd3n/0DUJkf6Scjfv6/htfUTPP3AEa7AbBxQ==",
      "optional": true
    },
    "@types/node": {
      "version": "15.0.2",
      "resolved": "https://registry.npmjs.org/@types/node/-/node-15.0.2.tgz",
      "integrity": "sha512-p68+a+KoxpoB47015IeYZYRrdqMUcpbK8re/zpFB8Ld46LHC1lPEbp3EXgkEhAYEcPvjJF6ZO+869SQ0aH1dcA==",
      "dev": true
    },
    "@types/prop-types": {
      "version": "15.7.3",
      "resolved": "https://registry.npmjs.org/@types/prop-types/-/prop-types-15.7.3.tgz",
      "integrity": "sha512-KfRL3PuHmqQLOG+2tGpRO26Ctg+Cq1E01D2DMriKEATHgWLfeNDmq9e29Q9WIky0dQ3NPkd1mzYH8Lm936Z9qw==",
      "dev": true
    },
    "@types/react": {
      "version": "17.0.5",
      "resolved": "https://registry.npmjs.org/@types/react/-/react-17.0.5.tgz",
      "integrity": "sha512-bj4biDB9ZJmGAYTWSKJly6bMr4BLUiBrx9ujiJEoP9XIDY9CTaPGxE5QWN/1WjpPLzYF7/jRNnV2nNxNe970sw==",
      "dev": true,
      "requires": {
        "@types/prop-types": "*",
        "@types/scheduler": "*",
        "csstype": "^3.0.2"
      }
    },
    "@types/react-dom": {
      "version": "17.0.3",
      "resolved": "https://registry.npmjs.org/@types/react-dom/-/react-dom-17.0.3.tgz",
      "integrity": "sha512-4NnJbCeWE+8YBzupn/YrJxZ8VnjcJq5iR1laqQ1vkpQgBiA7bwk0Rp24fxsdNinzJY2U+HHS4dJJDPdoMjdJ7w==",
      "dev": true,
      "requires": {
        "@types/react": "*"
      }
    },
    "@types/scheduler": {
      "version": "0.16.1",
      "resolved": "https://registry.npmjs.org/@types/scheduler/-/scheduler-0.16.1.tgz",
      "integrity": "sha512-EaCxbanVeyxDRTQBkdLb3Bvl/HK7PBK6UJjsSixB0iHKoWxE5uu2Q/DgtpOhPIojN0Zl1whvOd7PoHs2P0s5eA==",
      "dev": true
    },
    "caniuse-lite": {
      "version": "1.0.30001320",
      "resolved": "https://registry.npmjs.org/caniuse-lite/-/caniuse-lite-1.0.30001320.tgz",
      "integrity": "sha512-MWPzG54AGdo3nWx7zHZTefseM5Y1ccM7hlQKHRqJkPozUaw3hNbBTMmLn16GG2FUzjR13Cr3NPfhIieX5PzXDA=="
    },
    "csstype": {
      "version": "3.0.8",
      "resolved": "https://registry.npmjs.org/csstype/-/csstype-3.0.8.tgz",
      "integrity": "sha512-jXKhWqXPmlUeoQnF/EhTtTl4C9SnrxSH/jZUih3jmO6lBKr99rP3/+FmrMj4EFpOXzMtXHAZkd3x0E6h6Fgflw==",
      "dev": true
    },
    "js-tokens": {
      "version": "4.0.0",
      "resolved": "https://registry.npmjs.org/js-tokens/-/js-tokens-4.0.0.tgz",
      "integrity": "sha512-RdJUflcE3cUzKiMqQgsCu06FPu9UdIJO0beYbPhHN4k6apgJtifcoCtT9bcxOpYBtpD2kCM6Sbzg4CausW/PKQ=="
    },
    "loose-envify": {
      "version": "1.4.0",
      "resolved": "https://registry.npmjs.org/loose-envify/-/loose-envify-1.4.0.tgz",
      "integrity": "sha512-lyuxPGr/Wfhrlem2CL/UcnUc1zcqKAImBDzukY7Y5F/yQiNdko6+fRLevlw1HgMySw7f611UIY408EtxRSoK3Q==",
      "requires": {
        "js-tokens": "^3.0.0 || ^4.0.0"
      }
    },
    "match-sorter": {
      "version": "4.2.1",
      "resolved": "https://registry.npmjs.org/match-sorter/-/match-sorter-4.2.1.tgz",
      "integrity": "sha512-s+3h9TiZU9U1pWhIERHf8/f4LmBN6IXaRgo2CI17+XGByGS1GvG5VvXK9pcGyCjGe3WM3mSYRC3ipGrd5UEVgw==",
      "requires": {
        "@babel/runtime": "^7.10.5",
        "remove-accents": "0.4.2"
      }
    },
    "nanoid": {
      "version": "3.3.2",
      "resolved": "https://registry.npmjs.org/nanoid/-/nanoid-3.3.2.tgz",
      "integrity": "sha512-CuHBogktKwpm5g2sRgv83jEy2ijFzBwMoYA60orPDR7ynsLijJDqgsi4RDGj3OJpy3Ieb+LYwiRmIOGyytgITA=="
    },
    "next": {
      "version": "12.1.1",
      "resolved": "https://registry.npmjs.org/next/-/next-12.1.1.tgz",
      "integrity": "sha512-IOfEIAgroMtsoYz6HXpDS+b5WB9WZ+MH266COXGlcpIiYSgUyJf9xV6vF+zY2RPvBJFT4fUW0EVdVnoOmTloDw==",
      "requires": {
        "@next/env": "12.1.1",
        "@next/swc-android-arm-eabi": "12.1.1",
        "@next/swc-android-arm64": "12.1.1",
        "@next/swc-darwin-arm64": "12.1.1",
        "@next/swc-darwin-x64": "12.1.1",
        "@next/swc-linux-arm-gnueabihf": "12.1.1",
        "@next/swc-linux-arm64-gnu": "12.1.1",
        "@next/swc-linux-arm64-musl": "12.1.1",
        "@next/swc-linux-x64-gnu": "12.1.1",
        "@next/swc-linux-x64-musl": "12.1.1",
        "@next/swc-win32-arm64-msvc": "12.1.1",
        "@next/swc-win32-ia32-msvc": "12.1.1",
        "@next/swc-win32-x64-msvc": "12.1.1",
        "caniuse-lite": "^1.0.30001283",
        "postcss": "8.4.5",
        "styled-jsx": "5.0.1",
        "use-subscription": "1.5.1"
      }
    },
    "object-assign": {
      "version": "4.1.1",
      "resolved": "https://registry.npmjs.org/object-assign/-/object-assign-4.1.1.tgz",
      "integrity": "sha1-IQmtx5ZYh8/AXLvUQsrIv7s2CGM="
    },
    "picocolors": {
      "version": "1.0.0",
      "resolved": "https://registry.npmjs.org/picocolors/-/picocolors-1.0.0.tgz",
      "integrity": "sha512-1fygroTLlHu66zi26VoTDv8yRgm0Fccecssto+MhsZ0D/DGW2sm8E8AjW7NU5VVTRt5GxbeZ5qBuJr+HyLYkjQ=="
    },
    "postcss": {
      "version": "8.4.5",
      "resolved": "https://registry.npmjs.org/postcss/-/postcss-8.4.5.tgz",
      "integrity": "sha512-jBDboWM8qpaqwkMwItqTQTiFikhs/67OYVvblFFTM7MrZjt6yMKd6r2kgXizEbTTljacm4NldIlZnhbjr84QYg==",
      "requires": {
        "nanoid": "^3.1.30",
        "picocolors": "^1.0.0",
        "source-map-js": "^1.0.1"
      }
    },
    "react": {
      "version": "17.0.2",
      "resolved": "https://registry.npmjs.org/react/-/react-17.0.2.tgz",
      "integrity": "sha512-gnhPt75i/dq/z3/6q/0asP78D0u592D5L1pd7M8P+dck6Fu/jJeL6iVVK23fptSUZj8Vjf++7wXA8UNclGQcbA==",
      "requires": {
        "loose-envify": "^1.1.0",
        "object-assign": "^4.1.1"
      }
    },
    "react-dom": {
      "version": "17.0.2",
      "resolved": "https://registry.npmjs.org/react-dom/-/react-dom-17.0.2.tgz",
      "integrity": "sha512-s4h96KtLDUQlsENhMn1ar8t2bEa+q/YAtj8pPPdIjPDGBDIVNsrD9aXNWqspUe6AzKCIG0C1HZZLqLV7qpOBGA==",
      "requires": {
        "loose-envify": "^1.1.0",
        "object-assign": "^4.1.1",
        "scheduler": "^0.20.2"
      }
    },
    "react-query": {
      "version": "2.26.4",
      "resolved": "https://registry.npmjs.org/react-query/-/react-query-2.26.4.tgz",
      "integrity": "sha512-sXGG0gh1ah11AcfptYOCRpGDoYMnssq6riQUpQaLSM2EOodVkexp3zNLk1MFDgfRGuXQst40Tnu17oNwni66aA==",
      "requires": {
        "@babel/runtime": "^7.5.5"
      }
    },
    "react-query-devtools": {
      "version": "2.6.3",
      "resolved": "https://registry.npmjs.org/react-query-devtools/-/react-query-devtools-2.6.3.tgz",
      "integrity": "sha512-pSvWq5Q8zgIP7QbF0+4BerCHLaLn5HPzce7sIXYqz4XEizcYJHkJtcrAwn6bUkCu5JmAt1Y7fViQtZwOIG2SYA==",
      "requires": {
        "match-sorter": "^4.1.0"
      }
    },
    "regenerator-runtime": {
      "version": "0.13.7",
      "resolved": "https://registry.npmjs.org/regenerator-runtime/-/regenerator-runtime-0.13.7.tgz",
      "integrity": "sha512-a54FxoJDIr27pgf7IgeQGxmqUNYrcV338lf/6gH456HZ/PhX+5BcwHXG9ajESmwe6WRO0tAzRUrRmNONWgkrew=="
    },
    "remove-accents": {
      "version": "0.4.2",
      "resolved": "https://registry.npmjs.org/remove-accents/-/remove-accents-0.4.2.tgz",
      "integrity": "sha1-CkPTqq4egNuRngeuJUsoXZ4ce7U="
    },
    "scheduler": {
      "version": "0.20.2",
      "resolved": "https://registry.npmjs.org/scheduler/-/scheduler-0.20.2.tgz",
      "integrity": "sha512-2eWfGgAqqWFGqtdMmcL5zCMK1U8KlXv8SQFGglL3CEtd0aDVDWgeF/YoCmvln55m5zSk3J/20hTaSBeSObsQDQ==",
      "requires": {
        "loose-envify": "^1.1.0",
        "object-assign": "^4.1.1"
      }
    },
    "source-map-js": {
      "version": "1.0.2",
      "resolved": "https://registry.npmjs.org/source-map-js/-/source-map-js-1.0.2.tgz",
      "integrity": "sha512-R0XvVJ9WusLiqTCEiGCmICCMplcCkIwwR11mOSD9CR5u+IXYdiseeEuXCVAjS54zqwkLcPNnmU4OeJ6tUrWhDw=="
    },
    "styled-jsx": {
      "version": "5.0.1",
      "resolved": "https://registry.npmjs.org/styled-jsx/-/styled-jsx-5.0.1.tgz",
      "integrity": "sha512-+PIZ/6Uk40mphiQJJI1202b+/dYeTVd9ZnMPR80pgiWbjIwvN2zIp4r9et0BgqBuShh48I0gttPlAXA7WVvBxw=="
    },
    "typescript": {
      "version": "4.2.4",
      "resolved": "https://registry.npmjs.org/typescript/-/typescript-4.2.4.tgz",
      "integrity": "sha512-V+evlYHZnQkaz8TRBuxTA92yZBPotr5H+WhQ7bD3hZUndx5tGOa1fuCgeSjxAzM1RiN5IzvadIXTVefuuwZCRg==",
      "dev": true
    },
    "use-simple-infinite-scroll": {
      "version": "1.1.0",
      "resolved": "https://registry.npmjs.org/use-simple-infinite-scroll/-/use-simple-infinite-scroll-1.1.0.tgz",
      "integrity": "sha512-z68O7rEMySRyhw38XVHyMRoVpVEXNFDOVwWcxXEU2B2lmXWfqhAddDQHMlvAJv3MSlb3Ni7dXg3N7APlYYsq9A=="
    },
    "use-subscription": {
      "version": "1.5.1",
      "resolved": "https://registry.npmjs.org/use-subscription/-/use-subscription-1.5.1.tgz",
      "integrity": "sha512-Xv2a1P/yReAjAbhylMfFplFKj9GssgTwN7RlcTxBujFQcloStWNDQdc4g4NRWH9xS4i/FDk04vQBptAXoF3VcA==",
      "requires": {
        "object-assign": "^4.1.1"
      }
    }
  }
}
